{
  "name": "@focus-reactive/cms-kit",
  "version": "1.0.0",
  "lockfileVersion": 3,
  "requires": true,
  "packages": {
    "": {
      "name": "@focus-reactive/cms-kit",
      "version": "1.0.0",
      "license": "ISC",
      "devDependencies": {
        "@types/body-scroll-lock": "^3.1.0"
      }
    },
    "node_modules/@types/body-scroll-lock": {
      "version": "3.1.0",
      "resolved": "https://registry.npmjs.org/@types/body-scroll-lock/-/body-scroll-lock-3.1.0.tgz",
      "integrity": "sha512-3owAC4iJub5WPqRhxd8INarF2bWeQq1yQHBgYhN0XLBJMpd5ED10RrJ3aKiAwlTyL5wK7RkBD4SZUQz2AAAMdA==",
      "dev": true
    }
  }
}
